
Microsoft Visual Studio Solution File, Format Version 12.00
# Visual Studio 15
VisualStudioVersion = 15.0.33026.149
MinimumVisualStudioVersion = 10.0.40219.1
Project("{8BC9CEB8-8B4A-11D0-8D11-00A0C91BC942}") = "demo", "demo\demo.vcxproj", "{03BC8F33-4E9E-4C3D-950C-8F2DE4B58DE1}"
EndProject
Global
	GlobalSection(SolutionConfigurationPlatforms) = preSolution
		Debug|x64 = Debug|x64
		Release|x64 = Release|x64
	EndGlobalSection
	GlobalSection(ProjectConfigurationPlatforms) = postSolution
		{03BC8F33-4E9E-4C3D-950C-8F2DE4B58DE1}.Debug|x64.ActiveCfg = Debug|x64
		{03BC8F33-4E9E-4C3D-950C-8F2DE4B58DE1}.Debug|x64.Build.0 = Debug|x64
		{03BC8F33-4E9E-4C3D-950C-8F2DE4B58DE1}.Release|x64.ActiveCfg = Release|x64
		{03BC8F33-4E9E-4C3D-950C-8F2DE4B58DE1}.Release|x64.Build.0 = Release|x64
	EndGlobalSection
	GlobalSection(SolutionProperties) = preSolution
		HideSolutionNode = FALSE
	EndGlobalSection
	GlobalSection(ExtensibilityGlobals) = postSolution
		SolutionGuid = {86393B43-7784-4A92-8613-13F9790778E6}
	EndGlobalSection
EndGlobal
